<?xml version="1.0" encoding="utf-8"?>
<Project ToolsVersion="4.0" xmlns="http://schemas.microsoft.com/developer/msbuild/2003">
  <ItemGroup>
    <Filter Include="Files">
      <UniqueIdentifier>{4FC737F1-C7A5-4376-A066-2A32D752A2FF}</UniqueIdentifier>
      <Extensions>cpp;c;cc;cxx;def;odl;idl;hpj;bat;asm;asmx</Extensions>
    </Filter>
    <Filter Include="Files\InOut">
      <UniqueIdentifier>{9ee66255-9a36-4b82-9193-32cffacc2b60}</UniqueIdentifier>
    </Filter>
    <Filter Include="Files\InOut\sensors">
      <UniqueIdentifier>{60317baf-2a47-440b-8713-ce917e86c2a4}</UniqueIdentifier>
    </Filter>
    <Filter Include="Files\InOut\actors">
      <UniqueIdentifier>{33c12b8a-d698-475f-8caf-f6b74e91d946}</UniqueIdentifier>
    </Filter>
    <Filter Include="Files\Controller">
      <UniqueIdentifier>{c690a78d-c503-4174-8189-6828897c2fab}</UniqueIdentifier>
    </Filter>
    <Filter Include="Files\Main">
      <UniqueIdentifier>{d295a7ac-788f-4100-92c2-a5a0e7712be9}</UniqueIdentifier>
    </Filter>
    <Filter Include="Files\Misc">
      <UniqueIdentifier>{fb0291db-a479-4197-9b80-386a45ac4891}</UniqueIdentifier>
    </Filter>
    <Filter Include="Files\Solution">
      <UniqueIdentifier>{28f65b4d-7e4e-4d13-b64a-1a25115ed295}</UniqueIdentifier>
    </Filter>
  </ItemGroup>
  <ItemGroup>
    <ClInclude Include="touchSensor.h">
      <Filter>Header Files</Filter>
    </ClInclude>
    <ClInclude Include="actor.h">
      <Filter>Files\InOut\actors</Filter>
    </ClInclude>
    <ClInclude Include="analogOut.h">
      <Filter>Files\InOut\actors</Filter>
    </ClInclude>
    <ClInclude Include="digitalOut.h">
      <Filter>Files\InOut\actors</Filter>
    </ClInclude>
    <ClInclude Include="neopixel.h">
      <Filter>Files\InOut\actors</Filter>
    </ClInclude>
    <ClInclude Include="constants.h">
      <Filter>Files\Main</Filter>
    </ClInclude>
    <ClInclude Include="logger.h">
      <Filter>Files\Main</Filter>
    </ClInclude>
    <ClInclude Include="doggle.h">
      <Filter>Files\Misc</Filter>
    </ClInclude>
    <ClInclude Include="pgmStrToRAM\MemoryFree.h">
      <Filter>Files\Misc</Filter>
    </ClInclude>
    <ClInclude Include="pgmStrToRAM\pgmStrToRAM.h">
      <Filter>Files\Misc</Filter>
    </ClInclude>
    <ClInclude Include="randomtemplight.h">
      <Filter>Files\Misc</Filter>
    </ClInclude>
    <ClInclude Include="analogIn.h">
      <Filter>Files\InOut\sensors</Filter>
    </ClInclude>
    <ClInclude Include="dhtSensor.h">
      <Filter>Files\InOut\sensors</Filter>
    </ClInclude>
    <ClInclude Include="digitalIn.h">
      <Filter>Files\InOut\sensors</Filter>
    </ClInclude>
    <ClInclude Include="directionEncoder.h">
      <Filter>Files\InOut\sensors</Filter>
    </ClInclude>
    <ClInclude Include="gasSensor.h">
      <Filter>Files\InOut\sensors</Filter>
    </ClInclude>
    <ClInclude Include="motionSensor.h">
      <Filter>Files\InOut\sensors</Filter>
    </ClInclude>
    <ClInclude Include="sensor.h">
      <Filter>Files\InOut\sensors</Filter>
    </ClInclude>
    <ClInclude Include="touchSensor.h">
      <Filter>Files\InOut\sensors</Filter>
    </ClInclude>
    <ClInclude Include="list.h">
      <Filter>Files\Misc</Filter>
    </ClInclude>
    <ClInclude Include="vector.h">
      <Filter>Files\Misc</Filter>
    </ClInclude>
    <ClInclude Include="home_logger.h">
      <Filter>Files\Main</Filter>
    </ClInclude>
    <ClInclude Include="PinChangeInt.h">
      <Filter>Files\Misc</Filter>
    </ClInclude>
    <ClInclude Include="MemoryInfo.h">
      <Filter>Files\Misc</Filter>
    </ClInclude>
    <ClInclude Include="sensor_lux.h">
      <Filter>Files\InOut\sensors</Filter>
    </ClInclude>
    <ClInclude Include="RGBLed.h">
      <Filter>Files\InOut\actors</Filter>
    </ClInclude>
    <ClInclude Include="Streaming.h">
      <Filter>Files\Misc</Filter>
    </ClInclude>
    <ClInclude Include="statesController.h">
      <Filter>Files\Controller</Filter>
    </ClInclude>
    <ClInclude Include="__vm\.Code.vsarduino.h">
      <Filter>Files\Solution</Filter>
    </ClInclude>
    <ClInclude Include="decisions.h">
      <Filter>Files\Controller</Filter>
    </ClInclude>
  </ItemGroup>
  <ItemGroup>
    <ClCompile Include="actor.cpp">
      <Filter>Files\InOut\actors</Filter>
    </ClCompile>
    <ClCompile Include="analogOut.cpp">
      <Filter>Files\InOut\actors</Filter>
    </ClCompile>
    <ClCompile Include="digitalOut.cpp">
      <Filter>Files\InOut\actors</Filter>
    </ClCompile>
    <ClCompile Include="doggle.cpp">
      <Filter>Files\Misc</Filter>
    </ClCompile>
    <ClCompile Include="analogIn.cpp">
      <Filter>Files\InOut\sensors</Filter>
    </ClCompile>
    <ClCompile Include="dhtSensor.cpp">
      <Filter>Files\InOut\sensors</Filter>
    </ClCompile>
    <ClCompile Include="gasSensor.cpp">
      <Filter>Files\InOut\sensors</Filter>
    </ClCompile>
    <ClCompile Include="motionSensor.cpp">
      <Filter>Files\InOut\sensors</Filter>
    </ClCompile>
    <ClCompile Include="sensor.cpp">
      <Filter>Files\InOut\sensors</Filter>
    </ClCompile>
    <ClCompile Include="TouchSensor.cpp">
      <Filter>Files\InOut\sensors</Filter>
    </ClCompile>
    <ClCompile Include="logger.cpp">
      <Filter>Files\Main</Filter>
    </ClCompile>
    <ClCompile Include="neopixel.cpp">
      <Filter>Files\InOut\actors</Filter>
    </ClCompile>
    <ClCompile Include="directionEncoder.cpp">
      <Filter>Files\InOut\sensors</Filter>
    </ClCompile>
    <ClCompile Include="pgmStrToRAM\MemoryFree.cpp">
      <Filter>Files\Misc</Filter>
    </ClCompile>
    <ClCompile Include="pgmStrToRAM\pgmStrToRAM.cpp">
      <Filter>Files\Misc</Filter>
    </ClCompile>
    <ClCompile Include="digitalIn.cpp">
      <Filter>Files\InOut\sensors</Filter>
    </ClCompile>
    <ClCompile Include="RGBLed.cpp">
      <Filter>Files\InOut\actors</Filter>
    </ClCompile>
    <ClCompile Include="sensor_lux.cpp">
      <Filter>Files\InOut\sensors</Filter>
    </ClCompile>
    <ClCompile Include="home_logger.cpp">
      <Filter>Files\Main</Filter>
    </ClCompile>
    <ClCompile Include="decisions.cpp">
      <Filter>Files\Controller</Filter>
    </ClCompile>
  </ItemGroup>
  <ItemGroup>
    <None Include="home_arduino.ino" />
    <None Include=".gitignore">
      <Filter>Files\Solution</Filter>
    </None>
    <None Include="constants.h.bak">
      <Filter>Files\Main</Filter>
    </None>
    <None Include="CppProperties.json">
      <Filter>Files\Solution</Filter>
    </None>
  </ItemGroup>
</Project>