<?xml version="1.0" encoding="utf-8"?>
<Project ToolsVersion="4.0" xmlns="http://schemas.microsoft.com/developer/msbuild/2003">
  <ItemGroup>
    <Filter Include="Files">
      <UniqueIdentifier>{4FC737F1-C7A5-4376-A066-2A32D752A2FF}</UniqueIdentifier>
      <Extensions>cpp;c;cc;cxx;def;odl;idl;hpj;bat;asm;asmx</Extensions>
    </Filter>
    <Filter Include="Files\InOut">
      <UniqueIdentifier>{9ee66255-9a36-4b82-9193-32cffacc2b60}</UniqueIdentifier>
    </Filter>
    <Filter Include="Files\InOut\sensors">
      <UniqueIdentifier>{60317baf-2a47-440b-8713-ce917e86c2a4}</UniqueIdentifier>
    </Filter>
    <Filter Include="Files\InOut\actors">
      <UniqueIdentifier>{33c12b8a-d698-475f-8caf-f6b74e91d946}</UniqueIdentifier>
    </Filter>
    <Filter Include="Files\Controller">
      <UniqueIdentifier>{c690a78d-c503-4174-8189-6828897c2fab}</UniqueIdentifier>
    </Filter>
    <Filter Include="Files\Main">
      <UniqueIdentifier>{d295a7ac-788f-4100-92c2-a5a0e7712be9}</UniqueIdentifier>
    </Filter>
    <Filter Include="Files\Misc">
      <UniqueIdentifier>{fb0291db-a479-4197-9b80-386a45ac4891}</UniqueIdentifier>
    </Filter>
    <Filter Include="Files\Solution">
      <UniqueIdentifier>{28f65b4d-7e4e-4d13-b64a-1a25115ed295}</UniqueIdentifier>
    </Filter>
  </ItemGroup>
  <ItemGroup>
    <ClInclude Include="Actor.h">
      <Filter>Files\InOut\actors</Filter>
    </ClInclude>
    <ClInclude Include="AnalogOut.h">
      <Filter>Files\InOut\actors</Filter>
    </ClInclude>
    <ClInclude Include="DigitalOut.h">
      <Filter>Files\InOut\actors</Filter>
    </ClInclude>
    <ClInclude Include="Neopixel.h">
      <Filter>Files\InOut\actors</Filter>
    </ClInclude>
    <ClInclude Include="constants.h">
      <Filter>Files\Main</Filter>
    </ClInclude>
    <ClInclude Include="logger.h">
      <Filter>Files\Main</Filter>
    </ClInclude>
    <ClInclude Include="Doggle.h">
      <Filter>Files\Misc</Filter>
    </ClInclude>
    <ClInclude Include="pgmStrToRAM\MemoryFree.h">
      <Filter>Files\Misc</Filter>
    </ClInclude>
    <ClInclude Include="pgmStrToRAM\pgmStrToRAM.h">
      <Filter>Files\Misc</Filter>
    </ClInclude>
    <ClInclude Include="randomtemplight.h">
      <Filter>Files\Misc</Filter>
    </ClInclude>
    <ClInclude Include="AnalogIn.h">
      <Filter>Files\InOut\sensors</Filter>
    </ClInclude>
    <ClInclude Include="DhtSensor.h">
      <Filter>Files\InOut\sensors</Filter>
    </ClInclude>
    <ClInclude Include="DigitalIn.h">
      <Filter>Files\InOut\sensors</Filter>
    </ClInclude>
    <ClInclude Include="DirectionEncoder.h">
      <Filter>Files\InOut\sensors</Filter>
    </ClInclude>
    <ClInclude Include="GasSensor.h">
      <Filter>Files\InOut\sensors</Filter>
    </ClInclude>
    <ClInclude Include="MotionSensor.h">
      <Filter>Files\InOut\sensors</Filter>
    </ClInclude>
    <ClInclude Include="Sensor.h">
      <Filter>Files\InOut\sensors</Filter>
    </ClInclude>
    <ClInclude Include="TouchSensor.h">
      <Filter>Files\InOut\sensors</Filter>
    </ClInclude>
    <ClInclude Include="list.h">
      <Filter>Files\Misc</Filter>
    </ClInclude>
    <ClInclude Include="vector.h">
      <Filter>Files\Misc</Filter>
    </ClInclude>
    <ClInclude Include="PinChangeInt.h">
      <Filter>Files\Misc</Filter>
    </ClInclude>
    <ClInclude Include="MemoryInfo.h">
      <Filter>Files\Misc</Filter>
    </ClInclude>
    <ClInclude Include="LuxSensor.h">
      <Filter>Files\InOut\sensors</Filter>
    </ClInclude>
    <ClInclude Include="RGBLed.h">
      <Filter>Files\InOut\actors</Filter>
    </ClInclude>
    <ClInclude Include="Streaming.h">
      <Filter>Files\Misc</Filter>
    </ClInclude>
    <ClInclude Include="statesController.h">
      <Filter>Files\Controller</Filter>
    </ClInclude>
    <ClInclude Include="__vm\.Code.vsarduino.h">
      <Filter>Files\Solution</Filter>
    </ClInclude>
    <ClInclude Include="Decisions.h">
      <Filter>Files\Controller</Filter>
    </ClInclude>
    <ClInclude Include="TouchSensor.h" />
  </ItemGroup>
  <ItemGroup>
    <ClCompile Include="Actor.cpp">
      <Filter>Files\InOut\actors</Filter>
    </ClCompile>
    <ClCompile Include="AnalogOut.cpp">
      <Filter>Files\InOut\actors</Filter>
    </ClCompile>
    <ClCompile Include="DigitalOut.cpp">
      <Filter>Files\InOut\actors</Filter>
    </ClCompile>
    <ClCompile Include="Doggle.cpp">
      <Filter>Files\Misc</Filter>
    </ClCompile>
    <ClCompile Include="AnalogIn.cpp">
      <Filter>Files\InOut\sensors</Filter>
    </ClCompile>
    <ClCompile Include="DhtSensor.cpp">
      <Filter>Files\InOut\sensors</Filter>
    </ClCompile>
    <ClCompile Include="GasSensor.cpp">
      <Filter>Files\InOut\sensors</Filter>
    </ClCompile>
    <ClCompile Include="MotionSensor.cpp">
      <Filter>Files\InOut\sensors</Filter>
    </ClCompile>
    <ClCompile Include="Sensor.cpp">
      <Filter>Files\InOut\sensors</Filter>
    </ClCompile>
    <ClCompile Include="TouchSensor.cpp">
      <Filter>Files\InOut\sensors</Filter>
    </ClCompile>
    <ClCompile Include="logger.cpp">
      <Filter>Files\Main</Filter>
    </ClCompile>
    <ClCompile Include="Neopixel.cpp">
      <Filter>Files\InOut\actors</Filter>
    </ClCompile>
    <ClCompile Include="DirectionEncoder.cpp">
      <Filter>Files\InOut\sensors</Filter>
    </ClCompile>
    <ClCompile Include="pgmStrToRAM\MemoryFree.cpp">
      <Filter>Files\Misc</Filter>
    </ClCompile>
    <ClCompile Include="pgmStrToRAM\pgmStrToRAM.cpp">
      <Filter>Files\Misc</Filter>
    </ClCompile>
    <ClCompile Include="DigitalIn.cpp">
      <Filter>Files\InOut\sensors</Filter>
    </ClCompile>
    <ClCompile Include="RGBLed.cpp">
      <Filter>Files\InOut\actors</Filter>
    </ClCompile>
    <ClCompile Include="LuxSensor.cpp">
      <Filter>Files\InOut\sensors</Filter>
    </ClCompile>
    <ClCompile Include="Decisions.cpp">
      <Filter>Files\Controller</Filter>
    </ClCompile>
  </ItemGroup>
  <ItemGroup>
    <None Include="home_arduino.ino" />
    <None Include=".gitignore">
      <Filter>Files\Solution</Filter>
    </None>
    <None Include="constants.h.bak">
      <Filter>Files\Main</Filter>
    </None>
    <None Include="CppProperties.json">
      <Filter>Files\Solution</Filter>
    </None>
  </ItemGroup>
</Project>