
Microsoft Visual Studio Solution File, Format Version 12.00
# Visual Studio Version 16
VisualStudioVersion = 16.0.32002.261
MinimumVisualStudioVersion = 10.0.40219.1
Project("{8BC9CEB8-8B4A-11D0-8D11-00A0C91BC942}") = "omni-automata", "omni-automata.vcxproj", "{21B6700D-F499-4838-B2DA-4E22D3D8FD5B}"
EndProject
Project("{8BC9CEB8-8B4A-11D0-8D11-00A0C91BC942}") = "omni-automata-lib", "..\omni-automata-lib\omni-automata-lib.vcxitems", "{8BC40519-4FC0-4081-AD0C-23AC58A5DDB0}"
EndProject
Global
	GlobalSection(SolutionConfigurationPlatforms) = preSolution
		Debug|x86 = Debug|x86
		Release|x86 = Release|x86
	EndGlobalSection
	GlobalSection(ProjectConfigurationPlatforms) = postSolution
		{21B6700D-F499-4838-B2DA-4E22D3D8FD5B}.Debug|x86.ActiveCfg = Debug|Win32
		{21B6700D-F499-4838-B2DA-4E22D3D8FD5B}.Debug|x86.Build.0 = Debug|Win32
		{21B6700D-F499-4838-B2DA-4E22D3D8FD5B}.Release|x86.ActiveCfg = Release|Win32
		{21B6700D-F499-4838-B2DA-4E22D3D8FD5B}.Release|x86.Build.0 = Release|Win32
	EndGlobalSection
	GlobalSection(SolutionProperties) = preSolution
		HideSolutionNode = FALSE
	EndGlobalSection
	GlobalSection(ExtensibilityGlobals) = postSolution
		SolutionGuid = {0C8B657C-218C-4FDA-93DF-7C77F9B7796A}
	EndGlobalSection
EndGlobal
